// !$*UTF8*$!
{
	archiveVersion = 1;
	classes = {
	};
	objectVersion = 46;
	objects = {

/* Begin PBXBuildFile section */
		636B44C41B287F1200E508F5 /* main.m in Sources */ = {isa = PBXBuildFile; fileRef = 636B44C31B287F1200E508F5 /* main.m */; };
		636B44C71B287F1200E508F5 /* AppDelegate.m in Sources */ = {isa = PBXBuildFile; fileRef = 636B44C61B287F1200E508F5 /* AppDelegate.m */; };
		636B44CA1B287F1200E508F5 /* ViewController.m in Sources */ = {isa = PBXBuildFile; fileRef = 636B44C91B287F1200E508F5 /* ViewController.m */; };
		636B44CD1B287F1200E508F5 /* Main.storyboard in Resources */ = {isa = PBXBuildFile; fileRef = 636B44CB1B287F1200E508F5 /* Main.storyboard */; };
		636B44CF1B287F1200E508F5 /* Images.xcassets in Resources */ = {isa = PBXBuildFile; fileRef = 636B44CE1B287F1200E508F5 /* Images.xcassets */; };
		636B44D21B287F1200E508F5 /* LaunchScreen.xib in Resources */ = {isa = PBXBuildFile; fileRef = 636B44D01B287F1200E508F5 /* LaunchScreen.xib */; };
		636B44DE1B287F1200E508F5 /* gitdemo2Tests.m in Sources */ = {isa = PBXBuildFile; fileRef = 636B44DD1B287F1200E508F5 /* gitdemo2Tests.m */; };
/* End PBXBuildFile section */

/* Begin PBXContainerItemProxy section */
		636B44D81B287F1200E508F5 /* PBXContainerItemProxy */ = {
			isa = PBXContainerItemProxy;
			containerPortal = 636B44B61B287F1200E508F5 /* Project object */;
			proxyType = 1;
			remoteGlobalIDString = 636B44BD1B287F1200E508F5;
			remoteInfo = gitdemo2;
		};
/* End PBXContainerItemProxy section */

/* Begin PBXFileReference section */
		636B44BE1B287F1200E508F5 /* gitdemo2.app */ = {isa = PBXFileReference; explicitFileType = wrapper.application; includeInIndex = 0; path = gitdemo2.app; sourceTree = BUILT_PRODUCTS_DIR; };
		636B44C21B287F1200E508F5 /* Info.plist */ = {isa = PBXFileReference; lastKnownFileType = text.plist.xml; path = Info.plist; sourceTree = "<group>"; };
		636B44C31B287F1200E508F5 /* main.m */ = {isa = PBXFileReference; lastKnownFileType = sourcecode.c.objc; path = main.m; sourceTree = "<group>"; };
		636B44C51B287F1200E508F5 /* AppDelegate.h */ = {isa = PBXFileReference; lastKnownFileType = sourcecode.c.h; path = AppDelegate.h; sourceTree = "<group>"; };
		636B44C61B287F1200E508F5 /* AppDelegate.m */ = {isa = PBXFileReference; lastKnownFileType = sourcecode.c.objc; path = AppDelegate.m; sourceTree = "<group>"; };
		636B44C81B287F1200E508F5 /* ViewController.h */ = {isa = PBXFileReference; lastKnownFileType = sourcecode.c.h; path = ViewController.h; sourceTree = "<group>"; };
		636B44C91B287F1200E508F5 /* ViewController.m */ = {isa = PBXFileReference; lastKnownFileType = sourcecode.c.objc; path = ViewController.m; sourceTree = "<group>"; };
		636B44CC1B287F1200E508F5 /* Base */ = {isa = PBXFileReference; lastKnownFileType = file.storyboard; name = Base; path = Base.lproj/Main.storyboard; sourceTree = "<group>"; };
		636B44CE1B287F1200E508F5 /* Images.xcassets */ = {isa = PBXFileReference; lastKnownFileType = folder.assetcatalog; path = Images.xcassets; sourceTree = "<group>"; };
		636B44D11B287F1200E508F5 /* Base */ = {isa = PBXFileReference; lastKnownFileType = file.xib; name = Base; path = Base.lproj/LaunchScreen.xib; sourceTree = "<group>"; };
		636B44D71B287F1200E508F5 /* gitdemo2Tests.xctest */ = {isa = PBXFileReference; explicitFileType = wrapper.cfbundle; includeInIndex = 0; path = gitdemo2Tests.xctest; sourceTree = BUILT_PRODUCTS_DIR; };
		636B44DC1B287F1200E508F5 /* Info.plist */ = {isa = PBXFileReference; lastKnownFileType = text.plist.xml; path = Info.plist; sourceTree = "<group>"; };
		636B44DD1B287F1200E508F5 /* gitdemo2Tests.m */ = {isa = PBXFileReference; lastKnownFileType = sourcecode.c.objc; path = gitdemo2Tests.m; sourceTree = "<group>"; };
/* End PBXFileReference section */

/* Begin PBXFrameworksBuildPhase section */
		636B44BB1B287F1200E508F5 /* Frameworks */ = {
			isa = PBXFrameworksBuildPhase;
			buildActionMask = 2147483647;
			files = (
			);
			runOnlyForDeploymentPostprocessing = 0;
		};
		636B44D41B287F1200E508F5 /* Frameworks */ = {
			isa = PBXFrameworksBuildPhase;
			buildActionMask = 2147483647;
			files = (
			);
			runOnlyForDeploymentPostprocessing = 0;
		};
/* End PBXFrameworksBuildPhase section */

/* Begin PBXGroup section */
		636B44B51B287F1200E508F5 = {
			isa = PBXGroup;
			children = (
				636B44C01B287F1200E508F5 /* gitdemo2 */,
				636B44DA1B287F1200E508F5 /* gitdemo2Tests */,
				636B44BF1B287F1200E508F5 /* Products */,
			);
			sourceTree = "<group>";
		};
		636B44BF1B287F1200E508F5 /* Products */ = {
			isa = PBXGroup;
			children = (
				636B44BE1B287F1200E508F5 /* gitdemo2.app */,
				636B44D71B287F1200E508F5 /* gitdemo2Tests.xctest */,
			);
			name = Products;
			sourceTree = "<group>";
		};
		636B44C01B287F1200E508F5 /* gitdemo2 */ = {
			isa = PBXGroup;
			children = (
				636B44C51B287F1200E508F5 /* AppDelegate.h */,
				636B44C61B287F1200E508F5 /* AppDelegate.m */,
				636B44C81B287F1200E508F5 /* ViewController.h */,
				636B44C91B287F1200E508F5 /* ViewController.m */,
				636B44CB1B287F1200E508F5 /* Main.storyboard */,
				636B44CE1B287F1200E508F5 /* Images.xcassets */,
				636B44D01B287F1200E508F5 /* LaunchScreen.xib */,
				636B44C11B287F1200E508F5 /* Supporting Files */,
			);
			path = gitdemo2;
			sourceTree = "<group>";
		};
		636B44C11B287F1200E508F5 /* Supporting Files */ = {
			isa = PBXGroup;
			children = (
				636B44C21B287F1200E508F5 /* Info.plist */,
				636B44C31B287F1200E508F5 /* main.m */,
			);
			name = "Supporting Files";
			sourceTree = "<group>";
		};
		636B44DA1B287F1200E508F5 /* gitdemo2Tests */ = {
			isa = PBXGroup;
			children = (
				636B44DD1B287F1200E508F5 /* gitdemo2Tests.m */,
				636B44DB1B287F1200E508F5 /* Supporting Files */,
			);
			path = gitdemo2Tests;
			sourceTree = "<group>";
		};
		636B44DB1B287F1200E508F5 /* Supporting Files */ = {
			isa = PBXGroup;
			children = (
				636B44DC1B287F1200E508F5 /* Info.plist */,
			);
			name = "Supporting Files";
			sourceTree = "<group>";
		};
/* End PBXGroup section */

/* Begin PBXNativeTarget section */
		636B44BD1B287F1200E508F5 /* gitdemo2 */ = {
			isa = PBXNativeTarget;
			buildConfigurationList = 636B44E11B287F1200E508F5 /* Build configuration list for PBXNativeTarget "gitdemo2" */;
			buildPhases = (
				636B44BA1B287F1200E508F5 /* Sources */,
				636B44BB1B287F1200E508F5 /* Frameworks */,
				636B44BC1B287F1200E508F5 /* Resources */,
			);
			buildRules = (
			);
			dependencies = (
			);
			name = gitdemo2;
			productName = gitdemo2;
			productReference = 636B44BE1B287F1200E508F5 /* gitdemo2.app */;
			productType = "com.apple.product-type.application";
		};
		636B44D61B287F1200E508F5 /* gitdemo2Tests */ = {
			isa = PBXNativeTarget;
			buildConfigurationList = 636B44E41B287F1200E508F5 /* Build configuration list for PBXNativeTarget "gitdemo2Tests" */;
			buildPhases = (
				636B44D31B287F1200E508F5 /* Sources */,
				636B44D41B287F1200E508F5 /* Frameworks */,
				636B44D51B287F1200E508F5 /* Resources */,
			);
			buildRules = (
			);
			dependencies = (
				636B44D91B287F1200E508F5 /* PBXTargetDependency */,
			);
			name = gitdemo2Tests;
			productName = gitdemo2Tests;
			productReference = 636B44D71B287F1200E508F5 /* gitdemo2Tests.xctest */;
			productType = "com.apple.product-type.bundle.unit-test";
		};
/* End PBXNativeTarget section */

/* Begin PBXProject section */
		636B44B61B287F1200E508F5 /* Project object */ = {
			isa = PBXProject;
			attributes = {
				LastUpgradeCheck = 0620;
				ORGANIZATIONNAME = edao;
				TargetAttributes = {
					636B44BD1B287F1200E508F5 = {
						CreatedOnToolsVersion = 6.2;
					};
					636B44D61B287F1200E508F5 = {
						CreatedOnToolsVersion = 6.2;
						TestTargetID = 636B44BD1B287F1200E508F5;
					};
				};
			};
			buildConfigurationList = 636B44B91B287F1200E508F5 /* Build configuration list for PBXProject "gitdemo2" */;
			compatibilityVersion = "Xcode 3.2";
			developmentRegion = English;
			hasScannedForEncodings = 0;
			knownRegions = (
				en,
				Base,
			);
			mainGroup = 636B44B51B287F1200E508F5;
			productRefGroup = 636B44BF1B287F1200E508F5 /* Products */;
			projectDirPath = "";
			projectRoot = "";
			targets = (
				636B44BD1B287F1200E508F5 /* gitdemo2 */,
				636B44D61B287F1200E508F5 /* gitdemo2Tests */,
			);
		};
/* End PBXProject section */

/* Begin PBXResourcesBuildPhase section */
		636B44BC1B287F1200E508F5 /* Resources */ = {
			isa = PBXResourcesBuildPhase;
			buildActionMask = 2147483647;
			files = (
				636B44CD1B287F1200E508F5 /* Main.storyboard in Resources */,
				636B44D21B287F1200E508F5 /* LaunchScreen.xib in Resources */,
				636B44CF1B287F1200E508F5 /* Images.xcassets in Resources */,
			);
			runOnlyForDeploymentPostprocessing = 0;
		};
		636B44D51B287F1200E508F5 /* Resources */ = {
			isa = PBXResourcesBuildPhase;
			buildActionMask = 2147483647;
			files = (
			);
			runOnlyForDeploymentPostprocessing = 0;
		};
/* End PBXResourcesBuildPhase section */

/* Begin PBXSourcesBuildPhase section */
		636B44BA1B287F1200E508F5 /* Sources */ = {
			isa = PBXSourcesBuildPhase;
			buildActionMask = 2147483647;
			files = (
				636B44CA1B287F1200E508F5 /* ViewController.m in Sources */,
				636B44C71B287F1200E508F5 /* AppDelegate.m in Sources */,
				636B44C41B287F1200E508F5 /* main.m in Sources */,
			);
			runOnlyForDeploymentPostprocessing = 0;
		};
		636B44D31B287F1200E508F5 /* Sources */ = {
			isa = PBXSourcesBuildPhase;
			buildActionMask = 2147483647;
			files = (
				636B44DE1B287F1200E508F5 /* gitdemo2Tests.m in Sources */,
			);
			runOnlyForDeploymentPostprocessing = 0;
		};
/* End PBXSourcesBuildPhase section */

/* Begin PBXTargetDependency section */
		636B44D91B287F1200E508F5 /* PBXTargetDependency */ = {
			isa = PBXTargetDependency;
			target = 636B44BD1B287F1200E508F5 /* gitdemo2 */;
			targetProxy = 636B44D81B287F1200E508F5 /* PBXContainerItemProxy */;
		};
/* End PBXTargetDependency section */

/* Begin PBXVariantGroup section */
		636B44CB1B287F1200E508F5 /* Main.storyboard */ = {
			isa = PBXVariantGroup;
			children = (
				636B44CC1B287F1200E508F5 /* Base */,
			);
			name = Main.storyboard;
			sourceTree = "<group>";
		};
		636B44D01B287F1200E508F5 /* LaunchScreen.xib */ = {
			isa = PBXVariantGroup;
			children = (
				636B44D11B287F1200E508F5 /* Base */,
			);
			name = LaunchScreen.xib;
			sourceTree = "<group>";
		};
/* End PBXVariantGroup section */

/* Begin XCBuildConfiguration section */
		636B44DF1B287F1200E508F5 /* Debug */ = {
			isa = XCBuildConfiguration;
			buildSettings = {
				ALWAYS_SEARCH_USER_PATHS = NO;
				CLANG_CXX_LANGUAGE_STANDARD = "gnu++0x";
				CLANG_CXX_LIBRARY = "libc++";
				CLANG_ENABLE_MODULES = YES;
				CLANG_ENABLE_OBJC_ARC = YES;
				CLANG_WARN_BOOL_CONVERSION = YES;
				CLANG_WARN_CONSTANT_CONVERSION = YES;
				CLANG_WARN_DIRECT_OBJC_ISA_USAGE = YES_ERROR;
				CLANG_WARN_EMPTY_BODY = YES;
				CLANG_WARN_ENUM_CONVERSION = YES;
				CLANG_WARN_INT_CONVERSION = YES;
				CLANG_WARN_OBJC_ROOT_CLASS = YES_ERROR;
				CLANG_WARN_UNREACHABLE_CODE = YES;
				CLANG_WARN__DUPLICATE_METHOD_MATCH = YES;
				"CODE_SIGN_IDENTITY[sdk=iphoneos*]" = "iPhone Developer";
				COPY_PHASE_STRIP = NO;
				ENABLE_STRICT_OBJC_MSGSEND = YES;
				GCC_C_LANGUAGE_STANDARD = gnu99;
				GCC_DYNAMIC_NO_PIC = NO;
				GCC_OPTIMIZATION_LEVEL = 0;
				GCC_PREPROCESSOR_DEFINITIONS = (
					"DEBUG=1",
					"$(inherited)",
				);
				GCC_SYMBOLS_PRIVATE_EXTERN = NO;
				GCC_WARN_64_TO_32_BIT_CONVERSION = YES;
				GCC_WARN_ABOUT_RETURN_TYPE = YES_ERROR;
				GCC_WARN_UNDECLARED_SELECTOR = YES;
				GCC_WARN_UNINITIALIZED_AUTOS = YES_AGGRESSIVE;
				GCC_WARN_UNUSED_FUNCTION = YES;
				GCC_WARN_UNUSED_VARIABLE = YES;
				IPHONEOS_DEPLOYMENT_TARGET = 8.2;
				MTL_ENABLE_DEBUG_INFO = YES;
				ONLY_ACTIVE_ARCH = YES;
				SDKROOT = iphoneos;
			};
			name = Debug;
		};
		636B44E01B287F1200E508F5 /* Release */ = {
			isa = XCBuildConfiguration;
			buildSettings = {
				ALWAYS_SEARCH_USER_PATHS = NO;
				CLANG_CXX_LANGUAGE_STANDARD = "gnu++0x";
				CLANG_CXX_LIBRARY = "libc++";
				CLANG_ENABLE_MODULES = YES;
				CLANG_ENABLE_OBJC_ARC = YES;
				CLANG_WARN_BOOL_CONVERSION = YES;
				CLANG_WARN_CONSTANT_CONVERSION = YES;
				CLANG_WARN_DIRECT_OBJC_ISA_USAGE = YES_ERROR;
				CLANG_WARN_EMPTY_BODY = YES;
				CLANG_WARN_ENUM_CONVERSION = YES;
				CLANG_WARN_INT_CONVERSION = YES;
				CLANG_WARN_OBJC_ROOT_CLASS = YES_ERROR;
				CLANG_WARN_UNREACHABLE_CODE = YES;
				CLANG_WARN__DUPLICATE_METHOD_MATCH = YES;
				"CODE_SIGN_IDENTITY[sdk=iphoneos*]" = "iPhone Developer";
				COPY_PHASE_STRIP = NO;
				ENABLE_NS_ASSERTIONS = NO;
				ENABLE_STRICT_OBJC_MSGSEND = YES;
				GCC_C_LANGUAGE_STANDARD = gnu99;
				GCC_WARN_64_TO_32_BIT_CONVERSION = YES;
				GCC_WARN_ABOUT_RETURN_TYPE = YES_ERROR;
				GCC_WARN_UNDECLARED_SELECTOR = YES;
				GCC_WARN_UNINITIALIZED_AUTOS = YES_AGGRESSIVE;
				GCC_WARN_UNUSED_FUNCTION = YES;
				GCC_WARN_UNUSED_VARIABLE = YES;
				IPHONEOS_DEPLOYMENT_TARGET = 8.2;
				MTL_ENABLE_DEBUG_INFO = NO;
				SDKROOT = iphoneos;
				VALIDATE_PRODUCT = YES;
			};
			name = Release;
		};
		636B44E21B287F1200E508F5 /* Debug */ = {
			isa = XCBuildConfiguration;
			buildSettings = {
				ASSETCATALOG_COMPILER_APPICON_NAME = AppIcon;
				INFOPLIST_FILE = gitdemo2/Info.plist;
				LD_RUNPATH_SEARCH_PATHS = "$(inherited) @executable_path/Frameworks";
				PRODUCT_NAME = "$(TARGET_NAME)";
			};
			name = Debug;
		};
		636B44E31B287F1200E508F5 /* Release */ = {
			isa = XCBuildConfiguration;
			buildSettings = {
				ASSETCATALOG_COMPILER_APPICON_NAME = AppIcon;
				INFOPLIST_FILE = gitdemo2/Info.plist;
				LD_RUNPATH_SEARCH_PATHS = "$(inherited) @executable_path/Frameworks";
				PRODUCT_NAME = "$(TARGET_NAME)";
			};
			name = Release;
		};
		636B44E51B287F1200E508F5 /* Debug */ = {
			isa = XCBuildConfiguration;
			buildSettings = {
				BUNDLE_LOADER = "$(TEST_HOST)";
				FRAMEWORK_SEARCH_PATHS = (
					"$(SDKROOT)/Developer/Library/Frameworks",
					"$(inherited)",
				);
				GCC_PREPROCESSOR_DEFINITIONS = (
					"DEBUG=1",
					"$(inherited)",
				);
				INFOPLIST_FILE = gitdemo2Tests/Info.plist;
				LD_RUNPATH_SEARCH_PATHS = "$(inherited) @executable_path/Frameworks @loader_path/Frameworks";
				PRODUCT_NAME = "$(TARGET_NAME)";
				TEST_HOST = "$(BUILT_PRODUCTS_DIR)/gitdemo2.app/gitdemo2";
			};
			name = Debug;
		};
		636B44E61B287F1200E508F5 /* Release */ = {
			isa = XCBuildConfiguration;
			buildSettings = {
				BUNDLE_LOADER = "$(TEST_HOST)";
				FRAMEWORK_SEARCH_PATHS = (
					"$(SDKROOT)/Developer/Library/Frameworks",
					"$(inherited)",
				);
				INFOPLIST_FILE = gitdemo2Tests/Info.plist;
				LD_RUNPATH_SEARCH_PATHS = "$(inherited) @executable_path/Frameworks @loader_path/Frameworks";
				PRODUCT_NAME = "$(TARGET_NAME)";
				TEST_HOST = "$(BUILT_PRODUCTS_DIR)/gitdemo2.app/gitdemo2";
			};
			name = Release;
		};
/* End XCBuildConfiguration section */

/* Begin XCConfigurationList section */
		636B44B91B287F1200E508F5 /* Build configuration list for PBXProject "gitdemo2" */ = {
			isa = XCConfigurationList;
			buildConfigurations = (
				636B44DF1B287F1200E508F5 /* Debug */,
				636B44E01B287F1200E508F5 /* Release */,
			);
			defaultConfigurationIsVisible = 0;
			defaultConfigurationName = Release;
		};
		636B44E11B287F1200E508F5 /* Build configuration list for PBXNativeTarget "gitdemo2" */ = {
			isa = XCConfigurationList;
			buildConfigurations = (
				636B44E21B287F1200E508F5 /* Debug */,
				636B44E31B287F1200E508F5 /* Release */,
			);
			defaultConfigurationIsVisible = 0;
		};
		636B44E41B287F1200E508F5 /* Build configuration list for PBXNativeTarget "gitdemo2Tests" */ = {
			isa = XCConfigurationList;
			buildConfigurations = (
				636B44E51B287F1200E508F5 /* Debug */,
				636B44E61B287F1200E508F5 /* Release */,
			);
			defaultConfigurationIsVisible = 0;
		};
/* End XCConfigurationList section */
	};
	rootObject = 636B44B61B287F1200E508F5 /* Project object */;
}
